
Microsoft Visual Studio Solution File, Format Version 12.00
# Visual Studio Version 16
VisualStudioVersion = 16.0.29020.237
MinimumVisualStudioVersion = 10.0.40219.1
Project("{FAE04EC0-301F-11D3-BF4B-00C04F79EFBC}") = "Asti.WordSpec", "Asti.WordSpec\Asti.WordSpec.csproj", "{D9978F4E-020C-4BE5-9C23-5FB4AA22A0BE}"
EndProject
Project("{FAE04EC0-301F-11D3-BF4B-00C04F79EFBC}") = "Asti.WordSpecWeb", "Asti.WordSpecWeb\Asti.WordSpecWeb.csproj", "{A3AADF83-9B85-45A7-A9AE-1B436EF37150}"
EndProject
Global
	GlobalSection(SolutionConfigurationPlatforms) = preSolution
		Debug|Any CPU = Debug|Any CPU
		Release|Any CPU = Release|Any CPU
	EndGlobalSection
	GlobalSection(ProjectConfigurationPlatforms) = postSolution
		{D9978F4E-020C-4BE5-9C23-5FB4AA22A0BE}.Debug|Any CPU.ActiveCfg = Debug|Any CPU
		{D9978F4E-020C-4BE5-9C23-5FB4AA22A0BE}.Debug|Any CPU.Build.0 = Debug|Any CPU
		{D9978F4E-020C-4BE5-9C23-5FB4AA22A0BE}.Debug|Any CPU.Deploy.0 = Debug|Any CPU
		{D9978F4E-020C-4BE5-9C23-5FB4AA22A0BE}.Release|Any CPU.ActiveCfg = Release|Any CPU
		{D9978F4E-020C-4BE5-9C23-5FB4AA22A0BE}.Release|Any CPU.Build.0 = Release|Any CPU
		{D9978F4E-020C-4BE5-9C23-5FB4AA22A0BE}.Release|Any CPU.Deploy.0 = Release|Any CPU
		{A3AADF83-9B85-45A7-A9AE-1B436EF37150}.Debug|Any CPU.ActiveCfg = Debug|Any CPU
		{A3AADF83-9B85-45A7-A9AE-1B436EF37150}.Debug|Any CPU.Build.0 = Debug|Any CPU
		{A3AADF83-9B85-45A7-A9AE-1B436EF37150}.Release|Any CPU.ActiveCfg = Release|Any CPU
		{A3AADF83-9B85-45A7-A9AE-1B436EF37150}.Release|Any CPU.Build.0 = Release|Any CPU
	EndGlobalSection
	GlobalSection(SolutionProperties) = preSolution
		HideSolutionNode = FALSE
	EndGlobalSection
	GlobalSection(ExtensibilityGlobals) = postSolution
		SolutionGuid = {51D87105-9A0E-4DF3-BFE0-4495FDE8E874}
	EndGlobalSection
EndGlobal
